PODS:
  - SNSegmentedViewController (0.1.0)

DEPENDENCIES:
  - SNSegmentedViewController (from `../`)

EXTERNAL SOURCES:
  SNSegmentedViewController:
    :path: "../"

SPEC CHECKSUMS:
  SNSegmentedViewController: e7191d352967c5e2f2e39a8f8f0faeeaca0c7143

PODFILE CHECKSUM: 189bcbe40f637b923520255d8c42b2a8a4f05b82

COCOAPODS: 1.5.3
